
Microsoft Visual Studio Solution File, Format Version 11.00
# Visual Studio 2010
# SharpDevelop 5.1
Project("{FAE04EC0-301F-11D3-BF4B-00C04F79EFBC}") = "Clase15A", "Clase15A\Clase15A.csproj", "{D8D27E39-3F2E-4ADC-B213-2F6E315B6815}"
EndProject
Global
	GlobalSection(SolutionConfigurationPlatforms) = preSolution
		Debug|Any CPU = Debug|Any CPU
		Release|Any CPU = Release|Any CPU
	EndGlobalSection
	GlobalSection(ProjectConfigurationPlatforms) = postSolution
		{D8D27E39-3F2E-4ADC-B213-2F6E315B6815}.Debug|Any CPU.ActiveCfg = Debug|Any CPU
		{D8D27E39-3F2E-4ADC-B213-2F6E315B6815}.Debug|Any CPU.Build.0 = Debug|Any CPU
		{D8D27E39-3F2E-4ADC-B213-2F6E315B6815}.Release|Any CPU.ActiveCfg = Release|Any CPU
		{D8D27E39-3F2E-4ADC-B213-2F6E315B6815}.Release|Any CPU.Build.0 = Release|Any CPU
	EndGlobalSection
EndGlobal
